
Microsoft Visual Studio Solution File, Format Version 12.00
# Visual Studio Version 16
VisualStudioVersion = 16.0.31729.503
MinimumVisualStudioVersion = 10.0.40219.1
Project("{FAE04EC0-301F-11D3-BF4B-00C04F79EFBC}") = "Entidades", "Entidades\Entidades.csproj", "{63406C10-AE38-401A-9046-EA7E34D79BFC}"
EndProject
Project("{9A19103F-16F7-4668-BE54-9A1E7A4F7556}") = "MiCalculadora", "MiCalculadora\MiCalculadora.csproj", "{D0414D7A-F995-4354-A3E2-3E3F2E07E285}"
EndProject
Global
	GlobalSection(SolutionConfigurationPlatforms) = preSolution
		Debug|Any CPU = Debug|Any CPU
		Release|Any CPU = Release|Any CPU
	EndGlobalSection
	GlobalSection(ProjectConfigurationPlatforms) = postSolution
		{63406C10-AE38-401A-9046-EA7E34D79BFC}.Debug|Any CPU.ActiveCfg = Debug|Any CPU
		{63406C10-AE38-401A-9046-EA7E34D79BFC}.Debug|Any CPU.Build.0 = Debug|Any CPU
		{63406C10-AE38-401A-9046-EA7E34D79BFC}.Release|Any CPU.ActiveCfg = Release|Any CPU
		{63406C10-AE38-401A-9046-EA7E34D79BFC}.Release|Any CPU.Build.0 = Release|Any CPU
		{D0414D7A-F995-4354-A3E2-3E3F2E07E285}.Debug|Any CPU.ActiveCfg = Debug|Any CPU
		{D0414D7A-F995-4354-A3E2-3E3F2E07E285}.Debug|Any CPU.Build.0 = Debug|Any CPU
		{D0414D7A-F995-4354-A3E2-3E3F2E07E285}.Release|Any CPU.ActiveCfg = Release|Any CPU
		{D0414D7A-F995-4354-A3E2-3E3F2E07E285}.Release|Any CPU.Build.0 = Release|Any CPU
	EndGlobalSection
	GlobalSection(SolutionProperties) = preSolution
		HideSolutionNode = FALSE
	EndGlobalSection
	GlobalSection(ExtensibilityGlobals) = postSolution
		SolutionGuid = {C7BA74CA-F730-4942-B9EC-41CF33111EF1}
	EndGlobalSection
EndGlobal
